<Solution>
  <!-- Messaging.Core: System -->
  <Project Path="Reliability.Resiliency/Reliability.Resiliency.csproj" />
  <Project Path="Observability.Instrumentation/Observability.Instrumentation.csproj" />

  <!-- Messaging.Core: Transport & Persistence projects [Foundation Layer] -->
  <Project Path="Persistence.InboxMessage/Persistence.InboxMessage.csproj" />
  <Project Path="Persistence.OutboxMessage/Persistence.OutboxMessage.csproj" />
  <Project Path="Persistence.DeadLetterMessage/Persistence.DeadLetterMessage.csproj" />
  <Project Path="Persistence.RetryMessage/Persistence.RetryMessage.csproj" />
  <Project Path="Transport.Envelope/Transport.Envelope.csproj" />
  <Project Path="Transport.DeadLetterEnvelope/Transport.DeadLetterEnvelope.csproj" />

  <!-- Messaging.Core: Operations projects [Operations Layer] -->
  <Project Path="Operations.Inbound.Envelope/Operations.Inbound.Envelope.csproj" />
  <Project Path="Operations.Inbound.DeadLetterEnvelope/Operations.Inbound.DeadLetterEnvelope.csproj" />
  <Project Path="Operations.Inbound.DeadLetter/Operations.Inbound.DeadLetter.csproj" />
  <Project Path="Operations.Inbound.Inbox/Operations.Inbound.Inbox.csproj" />
  <Project Path="Operations.Outbound.Envelope/Operations.Outbound.Envelope.csproj" />
  <Project Path="Operations.Outbound.Outbox/Operations.Outbound.Outbox.csproj" />

  <!-- Messaging.Core: Pipeline projects [Pipeline Layer] -->
  <Project Path="Pipelines.Inbound/Pipelines.Inbound.csproj" />
  <Project Path="Pipelines.Outbound/Pipelines.Outbound.csproj" />

  <!-- Messaging.Core: Routing projects [Routing Layer] -->
  <Project Path="Routing.Inbound/Routing.Inbound.csproj" />
  <Project Path="Routing.Outbound/Routing.Outbound.csproj" />

  <!-- Messaging.Kafka projects -->
  <!-- <Project Path="Kafka.Clients/Kafka.Clients.csproj" />
  <Project Path="Kafka.Messages/Kafka.Messages.csproj" /> -->

  <!-- Messaging packages: Metadata projects -->
  <Project Path="Messaging.Core/Messaging.Core.csproj" />
  <!-- <Project Path="Messaging.Kafka/Messaging.Kafka.csproj" /> -->
</Solution>
